
Microsoft Visual Studio Solution File, Format Version 12.00
# Visual Studio Version 17
VisualStudioVersion = 17.7.34024.191
MinimumVisualStudioVersion = 10.0.40219.1
Project("{8BC9CEB8-8B4A-11D0-8D11-00A0C91BC942}") = "iterator", "iterator.vcxproj", "{E745CFEA-9E0B-4620-841B-F524E005C6DA}"
EndProject
Global
	GlobalSection(SolutionConfigurationPlatforms) = preSolution
		Debug|x64 = Debug|x64
		Debug|x86 = Debug|x86
		Release|x64 = Release|x64
		Release|x86 = Release|x86
	EndGlobalSection
	GlobalSection(ProjectConfigurationPlatforms) = postSolution
		{E745CFEA-9E0B-4620-841B-F524E005C6DA}.Debug|x64.ActiveCfg = Debug|x64
		{E745CFEA-9E0B-4620-841B-F524E005C6DA}.Debug|x64.Build.0 = Debug|x64
		{E745CFEA-9E0B-4620-841B-F524E005C6DA}.Debug|x86.ActiveCfg = Debug|Win32
		{E745CFEA-9E0B-4620-841B-F524E005C6DA}.Debug|x86.Build.0 = Debug|Win32
		{E745CFEA-9E0B-4620-841B-F524E005C6DA}.Release|x64.ActiveCfg = Release|x64
		{E745CFEA-9E0B-4620-841B-F524E005C6DA}.Release|x64.Build.0 = Release|x64
		{E745CFEA-9E0B-4620-841B-F524E005C6DA}.Release|x86.ActiveCfg = Release|Win32
		{E745CFEA-9E0B-4620-841B-F524E005C6DA}.Release|x86.Build.0 = Release|Win32
	EndGlobalSection
	GlobalSection(SolutionProperties) = preSolution
		HideSolutionNode = FALSE
	EndGlobalSection
	GlobalSection(ExtensibilityGlobals) = postSolution
		SolutionGuid = {51D25B9E-489B-4246-BE40-6659E9CB7DF8}
	EndGlobalSection
EndGlobal
